
Microsoft Visual Studio Solution File, Format Version 12.00
# Visual Studio Version 17
VisualStudioVersion = 17.12.35527.113
MinimumVisualStudioVersion = 10.0.40219.1
Project("{FAE04EC0-301F-11D3-BF4B-00C04F79EFBC}") = "Thingamajig.CLI", "Thingamajig.CLI\Thingamajig.CLI.csproj", "{6A38A9CF-FEAE-4674-A041-576DBA12A1BE}"
EndProject
Project("{FAE04EC0-301F-11D3-BF4B-00C04F79EFBC}") = "Thingamajig.Core", "Thingamajig.Core\Thingamajig.Core.csproj", "{B258AEEE-196C-4157-8F65-B2B5A4DB85B4}"
EndProject
Project("{FAE04EC0-301F-11D3-BF4B-00C04F79EFBC}") = "Thingamajig.Transpiler", "Thingamajig.Transpiler\Thingamajig.Transpiler.csproj", "{6A74F065-F87E-4539-A2C4-1512ADC231D2}"
	ProjectSection(ProjectDependencies) = postProject
		{B258AEEE-196C-4157-8F65-B2B5A4DB85B4} = {B258AEEE-196C-4157-8F65-B2B5A4DB85B4}
	EndProjectSection
EndProject
Global
	GlobalSection(SolutionConfigurationPlatforms) = preSolution
		Debug|Any CPU = Debug|Any CPU
		Release|Any CPU = Release|Any CPU
	EndGlobalSection
	GlobalSection(ProjectConfigurationPlatforms) = postSolution
		{6A38A9CF-FEAE-4674-A041-576DBA12A1BE}.Debug|Any CPU.ActiveCfg = Debug|Any CPU
		{6A38A9CF-FEAE-4674-A041-576DBA12A1BE}.Debug|Any CPU.Build.0 = Debug|Any CPU
		{6A38A9CF-FEAE-4674-A041-576DBA12A1BE}.Release|Any CPU.ActiveCfg = Release|Any CPU
		{6A38A9CF-FEAE-4674-A041-576DBA12A1BE}.Release|Any CPU.Build.0 = Release|Any CPU
		{B258AEEE-196C-4157-8F65-B2B5A4DB85B4}.Debug|Any CPU.ActiveCfg = Debug|Any CPU
		{B258AEEE-196C-4157-8F65-B2B5A4DB85B4}.Debug|Any CPU.Build.0 = Debug|Any CPU
		{B258AEEE-196C-4157-8F65-B2B5A4DB85B4}.Release|Any CPU.ActiveCfg = Release|Any CPU
		{B258AEEE-196C-4157-8F65-B2B5A4DB85B4}.Release|Any CPU.Build.0 = Release|Any CPU
		{6A74F065-F87E-4539-A2C4-1512ADC231D2}.Debug|Any CPU.ActiveCfg = Debug|Any CPU
		{6A74F065-F87E-4539-A2C4-1512ADC231D2}.Debug|Any CPU.Build.0 = Debug|Any CPU
		{6A74F065-F87E-4539-A2C4-1512ADC231D2}.Release|Any CPU.ActiveCfg = Release|Any CPU
		{6A74F065-F87E-4539-A2C4-1512ADC231D2}.Release|Any CPU.Build.0 = Release|Any CPU
	EndGlobalSection
	GlobalSection(SolutionProperties) = preSolution
		HideSolutionNode = FALSE
	EndGlobalSection
EndGlobal
